# Generated by pub
# See https://dart.dev/tools/pub/glossary#lockfile
packages:
  _flutterfire_internals:
    dependency: transitive
    description:
      name: _flutterfire_internals
      sha256: cb3a948a1eebbf8efd987c43f95418269930e912a88bc7b6a5a7658423133635
      url: "https://pub.dev"
    source: hosted
    version: "1.0.17"
  async:
    dependency: transitive
    description:
      name: async
      sha256: bfe67ef28df125b7dddcea62755991f807aa39a2492a23e1550161692950bbe0
      url: "https://pub.dev"
    source: hosted
    version: "2.10.0"
  boolean_selector:
    dependency: transitive
    description:
      name: boolean_selector
      sha256: "6cfb5af12253eaf2b368f07bacc5a80d1301a071c73360d746b7f2e32d762c66"
      url: "https://pub.dev"
    source: hosted
    version: "2.1.1"
  characters:
    dependency: transitive
    description:
      name: characters
      sha256: e6a326c8af69605aec75ed6c187d06b349707a27fbff8222ca9cc2cff167975c
      url: "https://pub.dev"
    source: hosted
    version: "1.2.1"
  clock:
    dependency: transitive
    description:
      name: clock
      sha256: cb6d7f03e1de671e34607e909a7213e31d7752be4fb66a86d29fe1eb14bfb5cf
      url: "https://pub.dev"
    source: hosted
    version: "1.1.1"
  cloud_firestore:
    dependency: "direct main"
    description:
      name: cloud_firestore
      sha256: cb49dd8aab9700766fb8a33a4328306f1b9b555ea6efb5fd3b1a55d14af2d2ca
      url: "https://pub.dev"
    source: hosted
    version: "4.4.4"
  cloud_firestore_platform_interface:
    dependency: transitive
    description:
      name: cloud_firestore_platform_interface
      sha256: "21f8c6ebe74cab9bb28ecfcf1688813114d52b87b9b98e0bc8b23dd95a1d8e7b"
      url: "https://pub.dev"
    source: hosted
    version: "5.11.4"
  cloud_firestore_web:
    dependency: transitive
    description:
      name: cloud_firestore_web
      sha256: "57389e42341c5162861b505bfe2419112030f55d5efae607fad2625e5384715e"
      url: "https://pub.dev"
    source: hosted
    version: "3.3.4"
  collection:
    dependency: transitive
    description:
      name: collection
      sha256: cfc915e6923fe5ce6e153b0723c753045de46de1b4d63771530504004a45fae0
      url: "https://pub.dev"
    source: hosted
    version: "1.17.0"
  cross_file:
    dependency: transitive
    description:
      name: cross_file
      sha256: "0b0036e8cccbfbe0555fd83c1d31a6f30b77a96b598b35a5d36dd41f718695e9"
      url: "https://pub.dev"
    source: hosted
    version: "0.3.3+4"
  crypto:
    dependency: transitive
    description:
      name: crypto
      sha256: aa274aa7774f8964e4f4f38cc994db7b6158dd36e9187aaceaddc994b35c6c67
      url: "https://pub.dev"
    source: hosted
    version: "3.0.2"
  cupertino_icons:
    dependency: "direct main"
    description:
      name: cupertino_icons
      sha256: e35129dc44c9118cee2a5603506d823bab99c68393879edb440e0090d07586be
      url: "https://pub.dev"
    source: hosted
    version: "1.0.5"
  desktop_webview_auth:
    dependency: transitive
    description:
      name: desktop_webview_auth
      sha256: "9de17601e1521b7cc2de1c5538e92f64833da668cba101bf11b2f61ce652becc"
      url: "https://pub.dev"
    source: hosted
    version: "0.0.11"
  email_validator:
    dependency: transitive
    description:
      name: email_validator
      sha256: e9a90f27ab2b915a27d7f9c2a7ddda5dd752d6942616ee83529b686fc086221b
      url: "https://pub.dev"
    source: hosted
    version: "2.1.17"
  fake_async:
    dependency: transitive
    description:
      name: fake_async
      sha256: "511392330127add0b769b75a987850d136345d9227c6b94c96a04cf4a391bf78"
      url: "https://pub.dev"
    source: hosted
    version: "1.3.1"
  firebase_analytics:
    dependency: "direct main"
    description:
      name: firebase_analytics
      sha256: "9972d5b57188adbbd8d112cb3076ac3c6abd677cf9286783cc5755a3d472e7ec"
      url: "https://pub.dev"
    source: hosted
    version: "10.1.5"
  firebase_analytics_platform_interface:
    dependency: transitive
    description:
      name: firebase_analytics_platform_interface
      sha256: b8f49e80e78d732aad7298600b6fb1512890632cd677cb4dcf1ac773fb7fa0ee
      url: "https://pub.dev"
    source: hosted
    version: "3.3.22"
  firebase_analytics_web:
    dependency: transitive
    description:
      name: firebase_analytics_web
      sha256: "34f6d9c0927c33f27e883da466456801ee0bf5a0e28aa60fe2c4160a1767bccd"
      url: "https://pub.dev"
    source: hosted
    version: "0.5.1+13"
  firebase_auth:
    dependency: "direct main"
    description:
      name: firebase_auth
      sha256: "7f2124b9a3573099aaaaab8d6157032725d7e45593be0b80ab3b8ddeb7051c42"
      url: "https://pub.dev"
    source: hosted
    version: "4.2.10"
  firebase_auth_platform_interface:
    dependency: transitive
    description:
      name: firebase_auth_platform_interface
      sha256: "98e4a414db0e083a2cb8a24735bb57ef3a1ee40a1407a93513391b24ad6ffd5d"
      url: "https://pub.dev"
    source: hosted
    version: "6.11.12"
  firebase_auth_web:
    dependency: transitive
    description:
      name: firebase_auth_web
      sha256: c6c559fd885e35d6256a4c4ad54c45bdce41cc275fbb7e735ee860095e854cbf
      url: "https://pub.dev"
    source: hosted
    version: "5.2.9"
  firebase_core:
    dependency: "direct main"
    description:
      name: firebase_core
      sha256: "1c121a478af23755b0b93fd4aa70d3bd32a587dd51ef0a3979091ac0d2317d32"
      url: "https://pub.dev"
    source: hosted
    version: "2.7.1"
  firebase_core_platform_interface:
    dependency: transitive
    description:
      name: firebase_core_platform_interface
      sha256: "5615b30c36f55b2777d0533771deda7e5730e769e5d3cb7fda79e9bed86cfa55"
      url: "https://pub.dev"
    source: hosted
    version: "4.5.3"
  firebase_core_web:
    dependency: transitive
    description:
      name: firebase_core_web
      sha256: "0c1cf1f1022d2245ac117443bb95207952ca770281524d2908e323bc063fb8ff"
      url: "https://pub.dev"
    source: hosted
    version: "2.2.2"
  firebase_dynamic_links:
    dependency: transitive
    description:
      name: firebase_dynamic_links
      sha256: "6eb2ce2793fa68f2749d32ca0210cb355d64deaf3e5b123eca23ca0b7bad92fc"
      url: "https://pub.dev"
    source: hosted
    version: "5.0.16"
  firebase_dynamic_links_platform_interface:
    dependency: transitive
    description:
      name: firebase_dynamic_links_platform_interface
      sha256: "30470498001d3883d118da43de09e05415200ab668455bfd935943db73f06541"
      url: "https://pub.dev"
    source: hosted
    version: "0.2.3+31"
  firebase_messaging:
    dependency: "direct main"
    description:
      name: firebase_messaging
      sha256: f9618051d56256ce9bf1d620bdb0920c37ce43ecc7d587a888f9116506f8a21b
      url: "https://pub.dev"
    source: hosted
    version: "14.2.6"
  firebase_messaging_platform_interface:
    dependency: transitive
    description:
      name: firebase_messaging_platform_interface
      sha256: c093ecf902ba4e073307b52f0d5ae87e72725daf467b94b4058b181fc21bbdd1
      url: "https://pub.dev"
    source: hosted
    version: "4.2.15"
  firebase_messaging_web:
    dependency: transitive
    description:
      name: firebase_messaging_web
      sha256: "8d084efb76d3c6a7f0e56ce5145f88963db1b49674a9b27cdf3daa237cd8468c"
      url: "https://pub.dev"
    source: hosted
    version: "3.2.16"
  firebase_storage:
    dependency: "direct main"
    description:
      name: firebase_storage
      sha256: f19205107b521752384497024b3554ecfecd5d142ad08b522dff1f81dd81efc4
      url: "https://pub.dev"
    source: hosted
    version: "11.0.15"
  firebase_storage_platform_interface:
    dependency: transitive
    description:
      name: firebase_storage_platform_interface
      sha256: "818e64f900401b6553184c9e1ca9ac057029d75d85f07f974f155b6e019699d6"
      url: "https://pub.dev"
    source: hosted
    version: "4.1.31"
  firebase_storage_web:
    dependency: transitive
    description:
      name: firebase_storage_web
      sha256: "1244fb06db0f5a28a20057919c3e45bd745b9bc37feb5a25ba2aaa4b4947dd74"
      url: "https://pub.dev"
    source: hosted
    version: "3.3.24"
  firebase_ui_auth:
    dependency: "direct main"
    description:
      name: firebase_ui_auth
      sha256: d01d4a2a5bfc2bf0b2a47d7ddb24b0686637894bd46f59beb80df7c112232813
      url: "https://pub.dev"
    source: hosted
    version: "1.1.16"
  firebase_ui_localizations:
    dependency: transitive
    description:
      name: firebase_ui_localizations
      sha256: "8ab06ef14bbad6c2f8af63aa2995016996c205fd05db7912df18838a51d023e4"
      url: "https://pub.dev"
    source: hosted
    version: "1.2.0"
  firebase_ui_oauth:
    dependency: transitive
    description:
      name: firebase_ui_oauth
      sha256: baf3e8ed7cfaf7f63a840a9e1acb0321fbfadfac5d4e20bb87c539f2ef4d9ca3
      url: "https://pub.dev"
    source: hosted
    version: "1.1.16"
  firebase_ui_oauth_google:
    dependency: "direct main"
    description:
      name: firebase_ui_oauth_google
      sha256: e81e154665639b370be798bdd1eaf737a3ac2c7c7c74ecd5358f16936165a1e2
      url: "https://pub.dev"
    source: hosted
    version: "1.0.23"
  flutter:
    dependency: "direct main"
    description: flutter
    source: sdk
    version: "0.0.0"
  flutter_lints:
    dependency: "direct dev"
    description:
      name: flutter_lints
      sha256: aeb0b80a8b3709709c9cc496cdc027c5b3216796bc0af0ce1007eaf24464fd4c
      url: "https://pub.dev"
    source: hosted
    version: "2.0.1"
  flutter_localizations:
    dependency: transitive
    description: flutter
    source: sdk
    version: "0.0.0"
  flutter_plugin_android_lifecycle:
    dependency: transitive
    description:
      name: flutter_plugin_android_lifecycle
      sha256: c224ac897bed083dabf11f238dd11a239809b446740be0c2044608c50029ffdf
      url: "https://pub.dev"
    source: hosted
    version: "2.0.9"
  flutter_svg:
    dependency: transitive
    description:
      name: flutter_svg
      sha256: "6ff9fa12892ae074092de2fa6a9938fb21dbabfdaa2ff57dc697ff912fc8d4b2"
      url: "https://pub.dev"
    source: hosted
    version: "1.1.6"
  flutter_test:
    dependency: "direct dev"
    description: flutter
    source: sdk
    version: "0.0.0"
  flutter_web_plugins:
    dependency: transitive
    description: flutter
    source: sdk
    version: "0.0.0"
  google_identity_services_web:
    dependency: transitive
    description:
      name: google_identity_services_web
      sha256: "5d9af2f1fa192f2629a266d038ee9307b0abe729a4f1b454dd21b414f5e7d381"
      url: "https://pub.dev"
    source: hosted
    version: "0.2.0"
  google_sign_in:
    dependency: "direct main"
    description:
      name: google_sign_in
      sha256: "750d08ffb4cd469f13068d15844ffd1d60c7ac1ca3c815918ba4ce4af22a2ddb"
      url: "https://pub.dev"
    source: hosted
    version: "6.0.2"
  google_sign_in_android:
    dependency: transitive
    description:
      name: google_sign_in_android
      sha256: "6a740e8498920ecf5fc2849ae0e4412536d700230bc3169493a1d031fdfe1cca"
      url: "https://pub.dev"
    source: hosted
    version: "6.1.8"
  google_sign_in_ios:
    dependency: transitive
    description:
      name: google_sign_in_ios
      sha256: "2e1df687b17f7fddcaf9a0c7f994d0d19b5d41e8ce1d943013befd0a0ae67403"
      url: "https://pub.dev"
    source: hosted
    version: "5.6.1"
  google_sign_in_platform_interface:
    dependency: transitive
    description:
      name: google_sign_in_platform_interface
      sha256: fece762f0d2dd762ebde43ad70662a209ff6ee034111976549c392f7763d9264
      url: "https://pub.dev"
    source: hosted
    version: "2.3.1"
  google_sign_in_web:
    dependency: transitive
    description:
      name: google_sign_in_web
      sha256: "9f883b9b525297663510dfbbe8b04d39715aa0abba430851f501b7d1e4b0f465"
      url: "https://pub.dev"
    source: hosted
    version: "0.11.0+2"
  http:
    dependency: transitive
    description:
      name: http
      sha256: "6aa2946395183537c8b880962d935877325d6a09a2867c3970c05c0fed6ac482"
      url: "https://pub.dev"
    source: hosted
    version: "0.13.5"
  http_parser:
    dependency: transitive
    description:
      name: http_parser
      sha256: "2aa08ce0341cc9b354a498388e30986515406668dbcc4f7c950c3e715496693b"
      url: "https://pub.dev"
    source: hosted
    version: "4.0.2"
  image_picker:
    dependency: "direct main"
    description:
      name: image_picker
      sha256: "64b21d9f0e065f9ab0e4dde458076226c97382cc0c6949144cb874c62bf8e9f8"
      url: "https://pub.dev"
    source: hosted
    version: "0.8.7"
  image_picker_android:
    dependency: transitive
    description:
      name: image_picker_android
      sha256: "1f5a4b38eb742422d89c1a01d9db6077c3c9496f551bc9da74649e338a2b5101"
      url: "https://pub.dev"
    source: hosted
    version: "0.8.6"
  image_picker_for_web:
    dependency: transitive
    description:
      name: image_picker_for_web
      sha256: "98f50d6b9f294c8ba35e25cc0d13b04bfddd25dbc8d32fa9d566a6572f2c081c"
      url: "https://pub.dev"
    source: hosted
    version: "2.1.12"
  image_picker_ios:
    dependency: transitive
    description:
      name: image_picker_ios
      sha256: "50e882fe0a06bf0c8f7f5bce78d30975f279213293afc9471dc35f05617c50ff"
      url: "https://pub.dev"
    source: hosted
    version: "0.8.7+1"
  image_picker_platform_interface:
    dependency: transitive
    description:
      name: image_picker_platform_interface
      sha256: "1991219d9dbc42a99aff77e663af8ca51ced592cd6685c9485e3458302d3d4f8"
      url: "https://pub.dev"
    source: hosted
    version: "2.6.3"
  intl:
    dependency: transitive
    description:
      name: intl
      sha256: "910f85bce16fb5c6f614e117efa303e85a1731bb0081edf3604a2ae6e9a3cc91"
      url: "https://pub.dev"
    source: hosted
    version: "0.17.0"
  js:
    dependency: transitive
    description:
      name: js
      sha256: "5528c2f391ededb7775ec1daa69e65a2d61276f7552de2b5f7b8d34ee9fd4ab7"
      url: "https://pub.dev"
    source: hosted
    version: "0.6.5"
  lints:
    dependency: transitive
    description:
      name: lints
      sha256: "5e4a9cd06d447758280a8ac2405101e0e2094d2a1dbdd3756aec3fe7775ba593"
      url: "https://pub.dev"
    source: hosted
    version: "2.0.1"
  matcher:
    dependency: transitive
    description:
      name: matcher
      sha256: "16db949ceee371e9b99d22f88fa3a73c4e59fd0afed0bd25fc336eb76c198b72"
      url: "https://pub.dev"
    source: hosted
    version: "0.12.13"
  material_color_utilities:
    dependency: transitive
    description:
      name: material_color_utilities
      sha256: d92141dc6fe1dad30722f9aa826c7fbc896d021d792f80678280601aff8cf724
      url: "https://pub.dev"
    source: hosted
    version: "0.2.0"
  meta:
    dependency: transitive
    description:
      name: meta
      sha256: "6c268b42ed578a53088d834796959e4a1814b5e9e164f147f580a386e5decf42"
      url: "https://pub.dev"
    source: hosted
    version: "1.8.0"
  path:
    dependency: "direct main"
    description:
      name: path
      sha256: db9d4f58c908a4ba5953fcee2ae317c94889433e5024c27ce74a37f94267945b
      url: "https://pub.dev"
    source: hosted
    version: "1.8.2"
  path_drawing:
    dependency: transitive
    description:
      name: path_drawing
      sha256: bbb1934c0cbb03091af082a6389ca2080345291ef07a5fa6d6e078ba8682f977
      url: "https://pub.dev"
    source: hosted
    version: "1.0.1"
  path_parsing:
    dependency: transitive
    description:
      name: path_parsing
      sha256: e3e67b1629e6f7e8100b367d3db6ba6af4b1f0bb80f64db18ef1fbabd2fa9ccf
      url: "https://pub.dev"
    source: hosted
    version: "1.0.1"
  petitparser:
    dependency: transitive
    description:
      name: petitparser
      sha256: "49392a45ced973e8d94a85fdb21293fbb40ba805fc49f2965101ae748a3683b4"
      url: "https://pub.dev"
    source: hosted
    version: "5.1.0"
  plugin_platform_interface:
    dependency: transitive
    description:
      name: plugin_platform_interface
      sha256: "6a2128648c854906c53fa8e33986fc0247a1116122f9534dd20e3ab9e16a32bc"
      url: "https://pub.dev"
    source: hosted
    version: "2.1.4"
  quiver:
    dependency: transitive
    description:
      name: quiver
      sha256: b1c1ac5ce6688d77f65f3375a9abb9319b3cb32486bdc7a1e0fdf004d7ba4e47
      url: "https://pub.dev"
    source: hosted
    version: "3.2.1"
  sky_engine:
    dependency: transitive
    description: flutter
    source: sdk
    version: "0.0.99"
  source_span:
    dependency: transitive
    description:
      name: source_span
      sha256: dd904f795d4b4f3b870833847c461801f6750a9fa8e61ea5ac53f9422b31f250
      url: "https://pub.dev"
    source: hosted
    version: "1.9.1"
  stack_trace:
    dependency: transitive
    description:
      name: stack_trace
      sha256: c3c7d8edb15bee7f0f74debd4b9c5f3c2ea86766fe4178eb2a18eb30a0bdaed5
      url: "https://pub.dev"
    source: hosted
    version: "1.11.0"
  stream_channel:
    dependency: transitive
    description:
      name: stream_channel
      sha256: "83615bee9045c1d322bbbd1ba209b7a749c2cbcdcb3fdd1df8eb488b3279c1c8"
      url: "https://pub.dev"
    source: hosted
    version: "2.1.1"
  string_scanner:
    dependency: transitive
    description:
      name: string_scanner
      sha256: "556692adab6cfa87322a115640c11f13cb77b3f076ddcc5d6ae3c20242bedcde"
      url: "https://pub.dev"
    source: hosted
    version: "1.2.0"
  term_glyph:
    dependency: transitive
    description:
      name: term_glyph
      sha256: a29248a84fbb7c79282b40b8c72a1209db169a2e0542bce341da992fe1bc7e84
      url: "https://pub.dev"
    source: hosted
    version: "1.2.1"
  test_api:
    dependency: transitive
    description:
      name: test_api
      sha256: ad540f65f92caa91bf21dfc8ffb8c589d6e4dc0c2267818b4cc2792857706206
      url: "https://pub.dev"
    source: hosted
    version: "0.4.16"
  typed_data:
    dependency: transitive
    description:
      name: typed_data
      sha256: "26f87ade979c47a150c9eaab93ccd2bebe70a27dc0b4b29517f2904f04eb11a5"
      url: "https://pub.dev"
    source: hosted
    version: "1.3.1"
  vector_math:
    dependency: transitive
    description:
      name: vector_math
      sha256: "80b3257d1492ce4d091729e3a67a60407d227c27241d6927be0130c98e741803"
      url: "https://pub.dev"
    source: hosted
    version: "2.1.4"
  xml:
    dependency: transitive
    description:
      name: xml
      sha256: ac0e3f4bf00ba2708c33fbabbbe766300e509f8c82dbd4ab6525039813f7e2fb
      url: "https://pub.dev"
    source: hosted
    version: "6.1.0"
sdks:
  dart: ">=2.18.5 <3.0.0"
  flutter: ">=3.3.0"
